
Microsoft Visual Studio Solution File, Format Version 12.00
Project("{FAE04EC0-301F-11D3-BF4B-00C04F79EFBC}") = "AsyncCourse", "AsyncCourse\AsyncCourse.csproj", "{90A7A18D-6091-4ACC-903D-4F38E0F539CD}"
EndProject
Global
	GlobalSection(SolutionConfigurationPlatforms) = preSolution
		Debug|Any CPU = Debug|Any CPU
		Release|Any CPU = Release|Any CPU
	EndGlobalSection
	GlobalSection(ProjectConfigurationPlatforms) = postSolution
		{90A7A18D-6091-4ACC-903D-4F38E0F539CD}.Debug|Any CPU.ActiveCfg = Debug|Any CPU
		{90A7A18D-6091-4ACC-903D-4F38E0F539CD}.Debug|Any CPU.Build.0 = Debug|Any CPU
		{90A7A18D-6091-4ACC-903D-4F38E0F539CD}.Release|Any CPU.ActiveCfg = Release|Any CPU
		{90A7A18D-6091-4ACC-903D-4F38E0F539CD}.Release|Any CPU.Build.0 = Release|Any CPU
	EndGlobalSection
EndGlobal
